
Microsoft Visual Studio Solution File, Format Version 12.00
# Visual Studio Version 17
VisualStudioVersion = 17.3.32819.101
MinimumVisualStudioVersion = 10.0.40219.1
Project("{FAE04EC0-301F-11D3-BF4B-00C04F79EFBC}") = "Fruit - People", "Fruit - People\Fruit - People.csproj", "{FB1A64A2-8F61-4996-B937-E7C8FE504F65}"
EndProject
Project("{FAE04EC0-301F-11D3-BF4B-00C04F79EFBC}") = "JsonConnection", "JsonConnection\JsonConnection.csproj", "{72BEFF47-3B60-48D9-A9BF-660D5080A5B4}"
EndProject
Global
	GlobalSection(SolutionConfigurationPlatforms) = preSolution
		Debug|Any CPU = Debug|Any CPU
		Release|Any CPU = Release|Any CPU
	EndGlobalSection
	GlobalSection(ProjectConfigurationPlatforms) = postSolution
		{FB1A64A2-8F61-4996-B937-E7C8FE504F65}.Debug|Any CPU.ActiveCfg = Debug|Any CPU
		{FB1A64A2-8F61-4996-B937-E7C8FE504F65}.Debug|Any CPU.Build.0 = Debug|Any CPU
		{FB1A64A2-8F61-4996-B937-E7C8FE504F65}.Release|Any CPU.ActiveCfg = Release|Any CPU
		{FB1A64A2-8F61-4996-B937-E7C8FE504F65}.Release|Any CPU.Build.0 = Release|Any CPU
		{72BEFF47-3B60-48D9-A9BF-660D5080A5B4}.Debug|Any CPU.ActiveCfg = Debug|Any CPU
		{72BEFF47-3B60-48D9-A9BF-660D5080A5B4}.Debug|Any CPU.Build.0 = Debug|Any CPU
		{72BEFF47-3B60-48D9-A9BF-660D5080A5B4}.Release|Any CPU.ActiveCfg = Release|Any CPU
		{72BEFF47-3B60-48D9-A9BF-660D5080A5B4}.Release|Any CPU.Build.0 = Release|Any CPU
	EndGlobalSection
	GlobalSection(SolutionProperties) = preSolution
		HideSolutionNode = FALSE
	EndGlobalSection
	GlobalSection(ExtensibilityGlobals) = postSolution
		SolutionGuid = {65A3E509-E903-4B6D-804F-554E99EA7AAA}
	EndGlobalSection
EndGlobal
